// !$*UTF8*$!
{
	archiveVersion = 1;
	classes = {
	};
	objectVersion = 46;
	objects = {

/* Begin PBXBuildFile section */
		048292701F0F03F4000343FC /* AppDelegate.swift in Sources */ = {isa = PBXBuildFile; fileRef = 0482926F1F0F03F4000343FC /* AppDelegate.swift */; };
		048292721F0F03F4000343FC /* ViewController.swift in Sources */ = {isa = PBXBuildFile; fileRef = 048292711F0F03F4000343FC /* ViewController.swift */; };
		048292751F0F03F4000343FC /* Main.storyboard in Resources */ = {isa = PBXBuildFile; fileRef = 048292731F0F03F4000343FC /* Main.storyboard */; };
		048292771F0F03F4000343FC /* Assets.xcassets in Resources */ = {isa = PBXBuildFile; fileRef = 048292761F0F03F4000343FC /* Assets.xcassets */; };
		0482927A1F0F03F4000343FC /* LaunchScreen.storyboard in Resources */ = {isa = PBXBuildFile; fileRef = 048292781F0F03F4000343FC /* LaunchScreen.storyboard */; };
/* End PBXBuildFile section */

/* Begin PBXFileReference section */
		0482926C1F0F03F4000343FC /* Flotme.app */ = {isa = PBXFileReference; explicitFileType = wrapper.application; includeInIndex = 0; path = Flotme.app; sourceTree = BUILT_PRODUCTS_DIR; };
		0482926F1F0F03F4000343FC /* AppDelegate.swift */ = {isa = PBXFileReference; lastKnownFileType = sourcecode.swift; path = AppDelegate.swift; sourceTree = "<group>"; };
		048292711F0F03F4000343FC /* ViewController.swift */ = {isa = PBXFileReference; lastKnownFileType = sourcecode.swift; path = ViewController.swift; sourceTree = "<group>"; };
		048292741F0F03F4000343FC /* Base */ = {isa = PBXFileReference; lastKnownFileType = file.storyboard; name = Base; path = Base.lproj/Main.storyboard; sourceTree = "<group>"; };
		048292761F0F03F4000343FC /* Assets.xcassets */ = {isa = PBXFileReference; lastKnownFileType = folder.assetcatalog; path = Assets.xcassets; sourceTree = "<group>"; };
		048292791F0F03F4000343FC /* Base */ = {isa = PBXFileReference; lastKnownFileType = file.storyboard; name = Base; path = Base.lproj/LaunchScreen.storyboard; sourceTree = "<group>"; };
		0482927B1F0F03F4000343FC /* Info.plist */ = {isa = PBXFileReference; lastKnownFileType = text.plist.xml; path = Info.plist; sourceTree = "<group>"; };
/* End PBXFileReference section */

/* Begin PBXFrameworksBuildPhase section */
		048292691F0F03F4000343FC /* Frameworks */ = {
			isa = PBXFrameworksBuildPhase;
			buildActionMask = 2147483647;
			files = (
			);
			runOnlyForDeploymentPostprocessing = 0;
		};
/* End PBXFrameworksBuildPhase section */

/* Begin PBXGroup section */
		048292631F0F03F4000343FC = {
			isa = PBXGroup;
			children = (
				0482926E1F0F03F4000343FC /* Flotme */,
				0482926D1F0F03F4000343FC /* Products */,
			);
			sourceTree = "<group>";
		};
		0482926D1F0F03F4000343FC /* Products */ = {
			isa = PBXGroup;
			children = (
				0482926C1F0F03F4000343FC /* Flotme.app */,
			);
			name = Products;
			sourceTree = "<group>";
		};
		0482926E1F0F03F4000343FC /* Flotme */ = {
			isa = PBXGroup;
			children = (
				0482926F1F0F03F4000343FC /* AppDelegate.swift */,
				048292711F0F03F4000343FC /* ViewController.swift */,
				048292731F0F03F4000343FC /* Main.storyboard */,
				048292761F0F03F4000343FC /* Assets.xcassets */,
				048292781F0F03F4000343FC /* LaunchScreen.storyboard */,
				0482927B1F0F03F4000343FC /* Info.plist */,
			);
			path = Flotme;
			sourceTree = "<group>";
		};
/* End PBXGroup section */

/* Begin PBXNativeTarget section */
		0482926B1F0F03F4000343FC /* Flotme */ = {
			isa = PBXNativeTarget;
			buildConfigurationList = 0482927E1F0F03F4000343FC /* Build configuration list for PBXNativeTarget "Flotme" */;
			buildPhases = (
				048292681F0F03F4000343FC /* Sources */,
				048292691F0F03F4000343FC /* Frameworks */,
				0482926A1F0F03F4000343FC /* Resources */,
			);
			buildRules = (
			);
			dependencies = (
			);
			name = Flotme;
			productName = Flotme;
			productReference = 0482926C1F0F03F4000343FC /* Flotme.app */;
			productType = "com.apple.product-type.application";
		};
/* End PBXNativeTarget section */

/* Begin PBXProject section */
		048292641F0F03F4000343FC /* Project object */ = {
			isa = PBXProject;
			attributes = {
				LastSwiftUpdateCheck = 0830;
				LastUpgradeCheck = 0830;
				ORGANIZATIONNAME = Flotme;
				TargetAttributes = {
					0482926B1F0F03F4000343FC = {
						CreatedOnToolsVersion = 8.3.3;
						ProvisioningStyle = Automatic;
					};
				};
			};
			buildConfigurationList = 048292671F0F03F4000343FC /* Build configuration list for PBXProject "Flotme" */;
			compatibilityVersion = "Xcode 3.2";
			developmentRegion = English;
			hasScannedForEncodings = 0;
			knownRegions = (
				en,
				Base,
			);
			mainGroup = 048292631F0F03F4000343FC;
			productRefGroup = 0482926D1F0F03F4000343FC /* Products */;
			projectDirPath = "";
			projectRoot = "";
			targets = (
				0482926B1F0F03F4000343FC /* Flotme */,
			);
		};
/* End PBXProject section */

/* Begin PBXResourcesBuildPhase section */
		0482926A1F0F03F4000343FC /* Resources */ = {
			isa = PBXResourcesBuildPhase;
			buildActionMask = 2147483647;
			files = (
				0482927A1F0F03F4000343FC /* LaunchScreen.storyboard in Resources */,
				048292771F0F03F4000343FC /* Assets.xcassets in Resources */,
				048292751F0F03F4000343FC /* Main.storyboard in Resources */,
			);
			runOnlyForDeploymentPostprocessing = 0;
		};
/* End PBXResourcesBuildPhase section */

/* Begin PBXSourcesBuildPhase section */
		048292681F0F03F4000343FC /* Sources */ = {
			isa = PBXSourcesBuildPhase;
			buildActionMask = 2147483647;
			files = (
				048292721F0F03F4000343FC /* ViewController.swift in Sources */,
				048292701F0F03F4000343FC /* AppDelegate.swift in Sources */,
			);
			runOnlyForDeploymentPostprocessing = 0;
		};
/* End PBXSourcesBuildPhase section */

/* Begin PBXVariantGroup section */
		048292731F0F03F4000343FC /* Main.storyboard */ = {
			isa = PBXVariantGroup;
			children = (
				048292741F0F03F4000343FC /* Base */,
			);
			name = Main.storyboard;
			sourceTree = "<group>";
		};
		048292781F0F03F4000343FC /* LaunchScreen.storyboard */ = {
			isa = PBXVariantGroup;
			children = (
				048292791F0F03F4000343FC /* Base */,
			);
			name = LaunchScreen.storyboard;
			sourceTree = "<group>";
		};
/* End PBXVariantGroup section */

/* Begin XCBuildConfiguration section */
		0482927C1F0F03F4000343FC /* Debug */ = {
			isa = XCBuildConfiguration;
			buildSettings = {
				ALWAYS_SEARCH_USER_PATHS = NO;
				CLANG_ANALYZER_NONNULL = YES;
				CLANG_ANALYZER_NUMBER_OBJECT_CONVERSION = YES_AGGRESSIVE;
				CLANG_CXX_LANGUAGE_STANDARD = "gnu++0x";
				CLANG_CXX_LIBRARY = "libc++";
				CLANG_ENABLE_MODULES = YES;
				CLANG_ENABLE_OBJC_ARC = YES;
				CLANG_WARN_BOOL_CONVERSION = YES;
				CLANG_WARN_CONSTANT_CONVERSION = YES;
				CLANG_WARN_DIRECT_OBJC_ISA_USAGE = YES_ERROR;
				CLANG_WARN_DOCUMENTATION_COMMENTS = YES;
				CLANG_WARN_EMPTY_BODY = YES;
				CLANG_WARN_ENUM_CONVERSION = YES;
				CLANG_WARN_INFINITE_RECURSION = YES;
				CLANG_WARN_INT_CONVERSION = YES;
				CLANG_WARN_OBJC_ROOT_CLASS = YES_ERROR;
				CLANG_WARN_SUSPICIOUS_MOVE = YES;
				CLANG_WARN_UNREACHABLE_CODE = YES;
				CLANG_WARN__DUPLICATE_METHOD_MATCH = YES;
				"CODE_SIGN_IDENTITY[sdk=iphoneos*]" = "iPhone Developer";
				COPY_PHASE_STRIP = NO;
				DEBUG_INFORMATION_FORMAT = dwarf;
				ENABLE_STRICT_OBJC_MSGSEND = YES;
				ENABLE_TESTABILITY = YES;
				GCC_C_LANGUAGE_STANDARD = gnu99;
				GCC_DYNAMIC_NO_PIC = NO;
				GCC_NO_COMMON_BLOCKS = YES;
				GCC_OPTIMIZATION_LEVEL = 0;
				GCC_PREPROCESSOR_DEFINITIONS = (
					"DEBUG=1",
					"$(inherited)",
				);
				GCC_WARN_64_TO_32_BIT_CONVERSION = YES;
				GCC_WARN_ABOUT_RETURN_TYPE = YES_ERROR;
				GCC_WARN_UNDECLARED_SELECTOR = YES;
				GCC_WARN_UNINITIALIZED_AUTOS = YES_AGGRESSIVE;
				GCC_WARN_UNUSED_FUNCTION = YES;
				GCC_WARN_UNUSED_VARIABLE = YES;
				IPHONEOS_DEPLOYMENT_TARGET = 10.3;
				MTL_ENABLE_DEBUG_INFO = YES;
				ONLY_ACTIVE_ARCH = YES;
				SDKROOT = iphoneos;
				SWIFT_ACTIVE_COMPILATION_CONDITIONS = DEBUG;
				SWIFT_OPTIMIZATION_LEVEL = "-Onone";
			};
			name = Debug;
		};
		0482927D1F0F03F4000343FC /* Release */ = {
			isa = XCBuildConfiguration;
			buildSettings = {
				ALWAYS_SEARCH_USER_PATHS = NO;
				CLANG_ANALYZER_NONNULL = YES;
				CLANG_ANALYZER_NUMBER_OBJECT_CONVERSION = YES_AGGRESSIVE;
				CLANG_CXX_LANGUAGE_STANDARD = "gnu++0x";
				CLANG_CXX_LIBRARY = "libc++";
				CLANG_ENABLE_MODULES = YES;
				CLANG_ENABLE_OBJC_ARC = YES;
				CLANG_WARN_BOOL_CONVERSION = YES;
				CLANG_WARN_CONSTANT_CONVERSION = YES;
				CLANG_WARN_DIRECT_OBJC_ISA_USAGE = YES_ERROR;
				CLANG_WARN_DOCUMENTATION_COMMENTS = YES;
				CLANG_WARN_EMPTY_BODY = YES;
				CLANG_WARN_ENUM_CONVERSION = YES;
				CLANG_WARN_INFINITE_RECURSION = YES;
				CLANG_WARN_INT_CONVERSION = YES;
				CLANG_WARN_OBJC_ROOT_CLASS = YES_ERROR;
				CLANG_WARN_SUSPICIOUS_MOVE = YES;
				CLANG_WARN_UNREACHABLE_CODE = YES;
				CLANG_WARN__DUPLICATE_METHOD_MATCH = YES;
				"CODE_SIGN_IDENTITY[sdk=iphoneos*]" = "iPhone Developer";
				COPY_PHASE_STRIP = NO;
				DEBUG_INFORMATION_FORMAT = "dwarf-with-dsym";
				ENABLE_NS_ASSERTIONS = NO;
				ENABLE_STRICT_OBJC_MSGSEND = YES;
				GCC_C_LANGUAGE_STANDARD = gnu99;
				GCC_NO_COMMON_BLOCKS = YES;
				GCC_WARN_64_TO_32_BIT_CONVERSION = YES;
				GCC_WARN_ABOUT_RETURN_TYPE = YES_ERROR;
				GCC_WARN_UNDECLARED_SELECTOR = YES;
				GCC_WARN_UNINITIALIZED_AUTOS = YES_AGGRESSIVE;
				GCC_WARN_UNUSED_FUNCTION = YES;
				GCC_WARN_UNUSED_VARIABLE = YES;
				IPHONEOS_DEPLOYMENT_TARGET = 10.3;
				MTL_ENABLE_DEBUG_INFO = NO;
				SDKROOT = iphoneos;
				SWIFT_OPTIMIZATION_LEVEL = "-Owholemodule";
				VALIDATE_PRODUCT = YES;
			};
			name = Release;
		};
		0482927F1F0F03F4000343FC /* Debug */ = {
			isa = XCBuildConfiguration;
			buildSettings = {
				ASSETCATALOG_COMPILER_APPICON_NAME = AppIcon;
				INFOPLIST_FILE = Flotme/Info.plist;
				LD_RUNPATH_SEARCH_PATHS = "$(inherited) @executable_path/Frameworks";
				PRODUCT_BUNDLE_IDENTIFIER = Flotme.Flotme;
				PRODUCT_NAME = "$(TARGET_NAME)";
				SWIFT_VERSION = 3.0;
			};
			name = Debug;
		};
		048292801F0F03F4000343FC /* Release */ = {
			isa = XCBuildConfiguration;
			buildSettings = {
				ASSETCATALOG_COMPILER_APPICON_NAME = AppIcon;
				INFOPLIST_FILE = Flotme/Info.plist;
				LD_RUNPATH_SEARCH_PATHS = "$(inherited) @executable_path/Frameworks";
				PRODUCT_BUNDLE_IDENTIFIER = Flotme.Flotme;
				PRODUCT_NAME = "$(TARGET_NAME)";
				SWIFT_VERSION = 3.0;
			};
			name = Release;
		};
/* End XCBuildConfiguration section */

/* Begin XCConfigurationList section */
		048292671F0F03F4000343FC /* Build configuration list for PBXProject "Flotme" */ = {
			isa = XCConfigurationList;
			buildConfigurations = (
				0482927C1F0F03F4000343FC /* Debug */,
				0482927D1F0F03F4000343FC /* Release */,
			);
			defaultConfigurationIsVisible = 0;
			defaultConfigurationName = Release;
		};
		0482927E1F0F03F4000343FC /* Build configuration list for PBXNativeTarget "Flotme" */ = {
			isa = XCConfigurationList;
			buildConfigurations = (
				0482927F1F0F03F4000343FC /* Debug */,
				048292801F0F03F4000343FC /* Release */,
			);
			defaultConfigurationIsVisible = 0;
		};
/* End XCConfigurationList section */
	};
	rootObject = 048292641F0F03F4000343FC /* Project object */;
}
